// !$*UTF8*$!
{
	archiveVersion = 1;
	classes = {
	};
	objectVersion = 50;
	objects = {

/* Begin PBXBuildFile section */
		6CCA854225F5F3E000A2866C /* AppDelegate.swift in Sources */ = {isa = PBXBuildFile; fileRef = 6CCA854125F5F3E000A2866C /* AppDelegate.swift */; };
		6CCA854425F5F3E000A2866C /* SceneDelegate.swift in Sources */ = {isa = PBXBuildFile; fileRef = 6CCA854325F5F3E000A2866C /* SceneDelegate.swift */; };
		6CCA854625F5F3E000A2866C /* ViewController.swift in Sources */ = {isa = PBXBuildFile; fileRef = 6CCA854525F5F3E000A2866C /* ViewController.swift */; };
		6CCA854925F5F3E000A2866C /* Main.storyboard in Resources */ = {isa = PBXBuildFile; fileRef = 6CCA854725F5F3E000A2866C /* Main.storyboard */; };
		6CCA854B25F5F3E200A2866C /* Assets.xcassets in Resources */ = {isa = PBXBuildFile; fileRef = 6CCA854A25F5F3E200A2866C /* Assets.xcassets */; };
		6CCA854E25F5F3E200A2866C /* LaunchScreen.storyboard in Resources */ = {isa = PBXBuildFile; fileRef = 6CCA854C25F5F3E200A2866C /* LaunchScreen.storyboard */; };
		6CCA855925F5F3E200A2866C /* IGClientTests.swift in Sources */ = {isa = PBXBuildFile; fileRef = 6CCA855825F5F3E200A2866C /* IGClientTests.swift */; };
		6CCA856425F5F3E200A2866C /* IGClientUITests.swift in Sources */ = {isa = PBXBuildFile; fileRef = 6CCA856325F5F3E200A2866C /* IGClientUITests.swift */; };
/* End PBXBuildFile section */

/* Begin PBXContainerItemProxy section */
		6CCA855525F5F3E200A2866C /* PBXContainerItemProxy */ = {
			isa = PBXContainerItemProxy;
			containerPortal = 6CCA853625F5F3E000A2866C /* Project object */;
			proxyType = 1;
			remoteGlobalIDString = 6CCA853D25F5F3E000A2866C;
			remoteInfo = IGClient;
		};
		6CCA856025F5F3E200A2866C /* PBXContainerItemProxy */ = {
			isa = PBXContainerItemProxy;
			containerPortal = 6CCA853625F5F3E000A2866C /* Project object */;
			proxyType = 1;
			remoteGlobalIDString = 6CCA853D25F5F3E000A2866C;
			remoteInfo = IGClient;
		};
/* End PBXContainerItemProxy section */

/* Begin PBXFileReference section */
		6CCA853E25F5F3E000A2866C /* IGClient.app */ = {isa = PBXFileReference; explicitFileType = wrapper.application; includeInIndex = 0; path = IGClient.app; sourceTree = BUILT_PRODUCTS_DIR; };
		6CCA854125F5F3E000A2866C /* AppDelegate.swift */ = {isa = PBXFileReference; lastKnownFileType = sourcecode.swift; path = AppDelegate.swift; sourceTree = "<group>"; };
		6CCA854325F5F3E000A2866C /* SceneDelegate.swift */ = {isa = PBXFileReference; lastKnownFileType = sourcecode.swift; path = SceneDelegate.swift; sourceTree = "<group>"; };
		6CCA854525F5F3E000A2866C /* ViewController.swift */ = {isa = PBXFileReference; lastKnownFileType = sourcecode.swift; path = ViewController.swift; sourceTree = "<group>"; };
		6CCA854825F5F3E000A2866C /* Base */ = {isa = PBXFileReference; lastKnownFileType = file.storyboard; name = Base; path = Base.lproj/Main.storyboard; sourceTree = "<group>"; };
		6CCA854A25F5F3E200A2866C /* Assets.xcassets */ = {isa = PBXFileReference; lastKnownFileType = folder.assetcatalog; path = Assets.xcassets; sourceTree = "<group>"; };
		6CCA854D25F5F3E200A2866C /* Base */ = {isa = PBXFileReference; lastKnownFileType = file.storyboard; name = Base; path = Base.lproj/LaunchScreen.storyboard; sourceTree = "<group>"; };
		6CCA854F25F5F3E200A2866C /* Info.plist */ = {isa = PBXFileReference; lastKnownFileType = text.plist.xml; path = Info.plist; sourceTree = "<group>"; };
		6CCA855425F5F3E200A2866C /* IGClientTests.xctest */ = {isa = PBXFileReference; explicitFileType = wrapper.cfbundle; includeInIndex = 0; path = IGClientTests.xctest; sourceTree = BUILT_PRODUCTS_DIR; };
		6CCA855825F5F3E200A2866C /* IGClientTests.swift */ = {isa = PBXFileReference; lastKnownFileType = sourcecode.swift; path = IGClientTests.swift; sourceTree = "<group>"; };
		6CCA855A25F5F3E200A2866C /* Info.plist */ = {isa = PBXFileReference; lastKnownFileType = text.plist.xml; path = Info.plist; sourceTree = "<group>"; };
		6CCA855F25F5F3E200A2866C /* IGClientUITests.xctest */ = {isa = PBXFileReference; explicitFileType = wrapper.cfbundle; includeInIndex = 0; path = IGClientUITests.xctest; sourceTree = BUILT_PRODUCTS_DIR; };
		6CCA856325F5F3E200A2866C /* IGClientUITests.swift */ = {isa = PBXFileReference; lastKnownFileType = sourcecode.swift; path = IGClientUITests.swift; sourceTree = "<group>"; };
		6CCA856525F5F3E200A2866C /* Info.plist */ = {isa = PBXFileReference; lastKnownFileType = text.plist.xml; path = Info.plist; sourceTree = "<group>"; };
/* End PBXFileReference section */

/* Begin PBXFrameworksBuildPhase section */
		6CCA853B25F5F3E000A2866C /* Frameworks */ = {
			isa = PBXFrameworksBuildPhase;
			buildActionMask = 2147483647;
			files = (
			);
			runOnlyForDeploymentPostprocessing = 0;
		};
		6CCA855125F5F3E200A2866C /* Frameworks */ = {
			isa = PBXFrameworksBuildPhase;
			buildActionMask = 2147483647;
			files = (
			);
			runOnlyForDeploymentPostprocessing = 0;
		};
		6CCA855C25F5F3E200A2866C /* Frameworks */ = {
			isa = PBXFrameworksBuildPhase;
			buildActionMask = 2147483647;
			files = (
			);
			runOnlyForDeploymentPostprocessing = 0;
		};
/* End PBXFrameworksBuildPhase section */

/* Begin PBXGroup section */
		6CCA853525F5F3E000A2866C = {
			isa = PBXGroup;
			children = (
				6CCA854025F5F3E000A2866C /* IGClient */,
				6CCA855725F5F3E200A2866C /* IGClientTests */,
				6CCA856225F5F3E200A2866C /* IGClientUITests */,
				6CCA853F25F5F3E000A2866C /* Products */,
			);
			sourceTree = "<group>";
		};
		6CCA853F25F5F3E000A2866C /* Products */ = {
			isa = PBXGroup;
			children = (
				6CCA853E25F5F3E000A2866C /* IGClient.app */,
				6CCA855425F5F3E200A2866C /* IGClientTests.xctest */,
				6CCA855F25F5F3E200A2866C /* IGClientUITests.xctest */,
			);
			name = Products;
			sourceTree = "<group>";
		};
		6CCA854025F5F3E000A2866C /* IGClient */ = {
			isa = PBXGroup;
			children = (
				6CCA854125F5F3E000A2866C /* AppDelegate.swift */,
				6CCA854325F5F3E000A2866C /* SceneDelegate.swift */,
				6CCA854525F5F3E000A2866C /* ViewController.swift */,
				6CCA854725F5F3E000A2866C /* Main.storyboard */,
				6CCA854A25F5F3E200A2866C /* Assets.xcassets */,
				6CCA854C25F5F3E200A2866C /* LaunchScreen.storyboard */,
				6CCA854F25F5F3E200A2866C /* Info.plist */,
			);
			path = IGClient;
			sourceTree = "<group>";
		};
		6CCA855725F5F3E200A2866C /* IGClientTests */ = {
			isa = PBXGroup;
			children = (
				6CCA855825F5F3E200A2866C /* IGClientTests.swift */,
				6CCA855A25F5F3E200A2866C /* Info.plist */,
			);
			path = IGClientTests;
			sourceTree = "<group>";
		};
		6CCA856225F5F3E200A2866C /* IGClientUITests */ = {
			isa = PBXGroup;
			children = (
				6CCA856325F5F3E200A2866C /* IGClientUITests.swift */,
				6CCA856525F5F3E200A2866C /* Info.plist */,
			);
			path = IGClientUITests;
			sourceTree = "<group>";
		};
/* End PBXGroup section */

/* Begin PBXNativeTarget section */
		6CCA853D25F5F3E000A2866C /* IGClient */ = {
			isa = PBXNativeTarget;
			buildConfigurationList = 6CCA856825F5F3E200A2866C /* Build configuration list for PBXNativeTarget "IGClient" */;
			buildPhases = (
				6CCA853A25F5F3E000A2866C /* Sources */,
				6CCA853B25F5F3E000A2866C /* Frameworks */,
				6CCA853C25F5F3E000A2866C /* Resources */,
			);
			buildRules = (
			);
			dependencies = (
			);
			name = IGClient;
			productName = IGClient;
			productReference = 6CCA853E25F5F3E000A2866C /* IGClient.app */;
			productType = "com.apple.product-type.application";
		};
		6CCA855325F5F3E200A2866C /* IGClientTests */ = {
			isa = PBXNativeTarget;
			buildConfigurationList = 6CCA856B25F5F3E200A2866C /* Build configuration list for PBXNativeTarget "IGClientTests" */;
			buildPhases = (
				6CCA855025F5F3E200A2866C /* Sources */,
				6CCA855125F5F3E200A2866C /* Frameworks */,
				6CCA855225F5F3E200A2866C /* Resources */,
			);
			buildRules = (
			);
			dependencies = (
				6CCA855625F5F3E200A2866C /* PBXTargetDependency */,
			);
			name = IGClientTests;
			productName = IGClientTests;
			productReference = 6CCA855425F5F3E200A2866C /* IGClientTests.xctest */;
			productType = "com.apple.product-type.bundle.unit-test";
		};
		6CCA855E25F5F3E200A2866C /* IGClientUITests */ = {
			isa = PBXNativeTarget;
			buildConfigurationList = 6CCA856E25F5F3E200A2866C /* Build configuration list for PBXNativeTarget "IGClientUITests" */;
			buildPhases = (
				6CCA855B25F5F3E200A2866C /* Sources */,
				6CCA855C25F5F3E200A2866C /* Frameworks */,
				6CCA855D25F5F3E200A2866C /* Resources */,
			);
			buildRules = (
			);
			dependencies = (
				6CCA856125F5F3E200A2866C /* PBXTargetDependency */,
			);
			name = IGClientUITests;
			productName = IGClientUITests;
			productReference = 6CCA855F25F5F3E200A2866C /* IGClientUITests.xctest */;
			productType = "com.apple.product-type.bundle.ui-testing";
		};
/* End PBXNativeTarget section */

/* Begin PBXProject section */
		6CCA853625F5F3E000A2866C /* Project object */ = {
			isa = PBXProject;
			attributes = {
				LastSwiftUpdateCheck = 1240;
				LastUpgradeCheck = 1240;
				TargetAttributes = {
					6CCA853D25F5F3E000A2866C = {
						CreatedOnToolsVersion = 12.4;
					};
					6CCA855325F5F3E200A2866C = {
						CreatedOnToolsVersion = 12.4;
						TestTargetID = 6CCA853D25F5F3E000A2866C;
					};
					6CCA855E25F5F3E200A2866C = {
						CreatedOnToolsVersion = 12.4;
						TestTargetID = 6CCA853D25F5F3E000A2866C;
					};
				};
			};
			buildConfigurationList = 6CCA853925F5F3E000A2866C /* Build configuration list for PBXProject "IGClient" */;
			compatibilityVersion = "Xcode 9.3";
			developmentRegion = en;
			hasScannedForEncodings = 0;
			knownRegions = (
				en,
				Base,
			);
			mainGroup = 6CCA853525F5F3E000A2866C;
			productRefGroup = 6CCA853F25F5F3E000A2866C /* Products */;
			projectDirPath = "";
			projectRoot = "";
			targets = (
				6CCA853D25F5F3E000A2866C /* IGClient */,
				6CCA855325F5F3E200A2866C /* IGClientTests */,
				6CCA855E25F5F3E200A2866C /* IGClientUITests */,
			);
		};
/* End PBXProject section */

/* Begin PBXResourcesBuildPhase section */
		6CCA853C25F5F3E000A2866C /* Resources */ = {
			isa = PBXResourcesBuildPhase;
			buildActionMask = 2147483647;
			files = (
				6CCA854E25F5F3E200A2866C /* LaunchScreen.storyboard in Resources */,
				6CCA854B25F5F3E200A2866C /* Assets.xcassets in Resources */,
				6CCA854925F5F3E000A2866C /* Main.storyboard in Resources */,
			);
			runOnlyForDeploymentPostprocessing = 0;
		};
		6CCA855225F5F3E200A2866C /* Resources */ = {
			isa = PBXResourcesBuildPhase;
			buildActionMask = 2147483647;
			files = (
			);
			runOnlyForDeploymentPostprocessing = 0;
		};
		6CCA855D25F5F3E200A2866C /* Resources */ = {
			isa = PBXResourcesBuildPhase;
			buildActionMask = 2147483647;
			files = (
			);
			runOnlyForDeploymentPostprocessing = 0;
		};
/* End PBXResourcesBuildPhase section */

/* Begin PBXSourcesBuildPhase section */
		6CCA853A25F5F3E000A2866C /* Sources */ = {
			isa = PBXSourcesBuildPhase;
			buildActionMask = 2147483647;
			files = (
				6CCA854625F5F3E000A2866C /* ViewController.swift in Sources */,
				6CCA854225F5F3E000A2866C /* AppDelegate.swift in Sources */,
				6CCA854425F5F3E000A2866C /* SceneDelegate.swift in Sources */,
			);
			runOnlyForDeploymentPostprocessing = 0;
		};
		6CCA855025F5F3E200A2866C /* Sources */ = {
			isa = PBXSourcesBuildPhase;
			buildActionMask = 2147483647;
			files = (
				6CCA855925F5F3E200A2866C /* IGClientTests.swift in Sources */,
			);
			runOnlyForDeploymentPostprocessing = 0;
		};
		6CCA855B25F5F3E200A2866C /* Sources */ = {
			isa = PBXSourcesBuildPhase;
			buildActionMask = 2147483647;
			files = (
				6CCA856425F5F3E200A2866C /* IGClientUITests.swift in Sources */,
			);
			runOnlyForDeploymentPostprocessing = 0;
		};
/* End PBXSourcesBuildPhase section */

/* Begin PBXTargetDependency section */
		6CCA855625F5F3E200A2866C /* PBXTargetDependency */ = {
			isa = PBXTargetDependency;
			target = 6CCA853D25F5F3E000A2866C /* IGClient */;
			targetProxy = 6CCA855525F5F3E200A2866C /* PBXContainerItemProxy */;
		};
		6CCA856125F5F3E200A2866C /* PBXTargetDependency */ = {
			isa = PBXTargetDependency;
			target = 6CCA853D25F5F3E000A2866C /* IGClient */;
			targetProxy = 6CCA856025F5F3E200A2866C /* PBXContainerItemProxy */;
		};
/* End PBXTargetDependency section */

/* Begin PBXVariantGroup section */
		6CCA854725F5F3E000A2866C /* Main.storyboard */ = {
			isa = PBXVariantGroup;
			children = (
				6CCA854825F5F3E000A2866C /* Base */,
			);
			name = Main.storyboard;
			sourceTree = "<group>";
		};
		6CCA854C25F5F3E200A2866C /* LaunchScreen.storyboard */ = {
			isa = PBXVariantGroup;
			children = (
				6CCA854D25F5F3E200A2866C /* Base */,
			);
			name = LaunchScreen.storyboard;
			sourceTree = "<group>";
		};
/* End PBXVariantGroup section */

/* Begin XCBuildConfiguration section */
		6CCA856625F5F3E200A2866C /* Debug */ = {
			isa = XCBuildConfiguration;
			buildSettings = {
				ALWAYS_SEARCH_USER_PATHS = NO;
				CLANG_ANALYZER_NONNULL = YES;
				CLANG_ANALYZER_NUMBER_OBJECT_CONVERSION = YES_AGGRESSIVE;
				CLANG_CXX_LANGUAGE_STANDARD = "gnu++14";
				CLANG_CXX_LIBRARY = "libc++";
				CLANG_ENABLE_MODULES = YES;
				CLANG_ENABLE_OBJC_ARC = YES;
				CLANG_ENABLE_OBJC_WEAK = YES;
				CLANG_WARN_BLOCK_CAPTURE_AUTORELEASING = YES;
				CLANG_WARN_BOOL_CONVERSION = YES;
				CLANG_WARN_COMMA = YES;
				CLANG_WARN_CONSTANT_CONVERSION = YES;
				CLANG_WARN_DEPRECATED_OBJC_IMPLEMENTATIONS = YES;
				CLANG_WARN_DIRECT_OBJC_ISA_USAGE = YES_ERROR;
				CLANG_WARN_DOCUMENTATION_COMMENTS = YES;
				CLANG_WARN_EMPTY_BODY = YES;
				CLANG_WARN_ENUM_CONVERSION = YES;
				CLANG_WARN_INFINITE_RECURSION = YES;
				CLANG_WARN_INT_CONVERSION = YES;
				CLANG_WARN_NON_LITERAL_NULL_CONVERSION = YES;
				CLANG_WARN_OBJC_IMPLICIT_RETAIN_SELF = YES;
				CLANG_WARN_OBJC_LITERAL_CONVERSION = YES;
				CLANG_WARN_OBJC_ROOT_CLASS = YES_ERROR;
				CLANG_WARN_QUOTED_INCLUDE_IN_FRAMEWORK_HEADER = YES;
				CLANG_WARN_RANGE_LOOP_ANALYSIS = YES;
				CLANG_WARN_STRICT_PROTOTYPES = YES;
				CLANG_WARN_SUSPICIOUS_MOVE = YES;
				CLANG_WARN_UNGUARDED_AVAILABILITY = YES_AGGRESSIVE;
				CLANG_WARN_UNREACHABLE_CODE = YES;
				CLANG_WARN__DUPLICATE_METHOD_MATCH = YES;
				COPY_PHASE_STRIP = NO;
				DEBUG_INFORMATION_FORMAT = dwarf;
				ENABLE_STRICT_OBJC_MSGSEND = YES;
				ENABLE_TESTABILITY = YES;
				GCC_C_LANGUAGE_STANDARD = gnu11;
				GCC_DYNAMIC_NO_PIC = NO;
				GCC_NO_COMMON_BLOCKS = YES;
				GCC_OPTIMIZATION_LEVEL = 0;
				GCC_PREPROCESSOR_DEFINITIONS = (
					"DEBUG=1",
					"$(inherited)",
				);
				GCC_WARN_64_TO_32_BIT_CONVERSION = YES;
				GCC_WARN_ABOUT_RETURN_TYPE = YES_ERROR;
				GCC_WARN_UNDECLARED_SELECTOR = YES;
				GCC_WARN_UNINITIALIZED_AUTOS = YES_AGGRESSIVE;
				GCC_WARN_UNUSED_FUNCTION = YES;
				GCC_WARN_UNUSED_VARIABLE = YES;
				IPHONEOS_DEPLOYMENT_TARGET = 14.4;
				MTL_ENABLE_DEBUG_INFO = INCLUDE_SOURCE;
				MTL_FAST_MATH = YES;
				ONLY_ACTIVE_ARCH = YES;
				SDKROOT = iphoneos;
				SWIFT_ACTIVE_COMPILATION_CONDITIONS = DEBUG;
				SWIFT_OPTIMIZATION_LEVEL = "-Onone";
			};
			name = Debug;
		};
		6CCA856725F5F3E200A2866C /* Release */ = {
			isa = XCBuildConfiguration;
			buildSettings = {
				ALWAYS_SEARCH_USER_PATHS = NO;
				CLANG_ANALYZER_NONNULL = YES;
				CLANG_ANALYZER_NUMBER_OBJECT_CONVERSION = YES_AGGRESSIVE;
				CLANG_CXX_LANGUAGE_STANDARD = "gnu++14";
				CLANG_CXX_LIBRARY = "libc++";
				CLANG_ENABLE_MODULES = YES;
				CLANG_ENABLE_OBJC_ARC = YES;
				CLANG_ENABLE_OBJC_WEAK = YES;
				CLANG_WARN_BLOCK_CAPTURE_AUTORELEASING = YES;
				CLANG_WARN_BOOL_CONVERSION = YES;
				CLANG_WARN_COMMA = YES;
				CLANG_WARN_CONSTANT_CONVERSION = YES;
				CLANG_WARN_DEPRECATED_OBJC_IMPLEMENTATIONS = YES;
				CLANG_WARN_DIRECT_OBJC_ISA_USAGE = YES_ERROR;
				CLANG_WARN_DOCUMENTATION_COMMENTS = YES;
				CLANG_WARN_EMPTY_BODY = YES;
				CLANG_WARN_ENUM_CONVERSION = YES;
				CLANG_WARN_INFINITE_RECURSION = YES;
				CLANG_WARN_INT_CONVERSION = YES;
				CLANG_WARN_NON_LITERAL_NULL_CONVERSION = YES;
				CLANG_WARN_OBJC_IMPLICIT_RETAIN_SELF = YES;
				CLANG_WARN_OBJC_LITERAL_CONVERSION = YES;
				CLANG_WARN_OBJC_ROOT_CLASS = YES_ERROR;
				CLANG_WARN_QUOTED_INCLUDE_IN_FRAMEWORK_HEADER = YES;
				CLANG_WARN_RANGE_LOOP_ANALYSIS = YES;
				CLANG_WARN_STRICT_PROTOTYPES = YES;
				CLANG_WARN_SUSPICIOUS_MOVE = YES;
				CLANG_WARN_UNGUARDED_AVAILABILITY = YES_AGGRESSIVE;
				CLANG_WARN_UNREACHABLE_CODE = YES;
				CLANG_WARN__DUPLICATE_METHOD_MATCH = YES;
				COPY_PHASE_STRIP = NO;
				DEBUG_INFORMATION_FORMAT = "dwarf-with-dsym";
				ENABLE_NS_ASSERTIONS = NO;
				ENABLE_STRICT_OBJC_MSGSEND = YES;
				GCC_C_LANGUAGE_STANDARD = gnu11;
				GCC_NO_COMMON_BLOCKS = YES;
				GCC_WARN_64_TO_32_BIT_CONVERSION = YES;
				GCC_WARN_ABOUT_RETURN_TYPE = YES_ERROR;
				GCC_WARN_UNDECLARED_SELECTOR = YES;
				GCC_WARN_UNINITIALIZED_AUTOS = YES_AGGRESSIVE;
				GCC_WARN_UNUSED_FUNCTION = YES;
				GCC_WARN_UNUSED_VARIABLE = YES;
				IPHONEOS_DEPLOYMENT_TARGET = 14.4;
				MTL_ENABLE_DEBUG_INFO = NO;
				MTL_FAST_MATH = YES;
				SDKROOT = iphoneos;
				SWIFT_COMPILATION_MODE = wholemodule;
				SWIFT_OPTIMIZATION_LEVEL = "-O";
				VALIDATE_PRODUCT = YES;
			};
			name = Release;
		};
		6CCA856925F5F3E200A2866C /* Debug */ = {
			isa = XCBuildConfiguration;
			buildSettings = {
				ASSETCATALOG_COMPILER_APPICON_NAME = AppIcon;
				ASSETCATALOG_COMPILER_GLOBAL_ACCENT_COLOR_NAME = AccentColor;
				CODE_SIGN_STYLE = Automatic;
				DEVELOPMENT_TEAM = 6522S3ANC7;
				INFOPLIST_FILE = IGClient/Info.plist;
				LD_RUNPATH_SEARCH_PATHS = (
					"$(inherited)",
					"@executable_path/Frameworks",
				);
				PRODUCT_BUNDLE_IDENTIFIER = codepath.IGClient;
				PRODUCT_NAME = "$(TARGET_NAME)";
				SWIFT_VERSION = 5.0;
				TARGETED_DEVICE_FAMILY = "1,2";
			};
			name = Debug;
		};
		6CCA856A25F5F3E200A2866C /* Release */ = {
			isa = XCBuildConfiguration;
			buildSettings = {
				ASSETCATALOG_COMPILER_APPICON_NAME = AppIcon;
				ASSETCATALOG_COMPILER_GLOBAL_ACCENT_COLOR_NAME = AccentColor;
				CODE_SIGN_STYLE = Automatic;
				DEVELOPMENT_TEAM = 6522S3ANC7;
				INFOPLIST_FILE = IGClient/Info.plist;
				LD_RUNPATH_SEARCH_PATHS = (
					"$(inherited)",
					"@executable_path/Frameworks",
				);
				PRODUCT_BUNDLE_IDENTIFIER = codepath.IGClient;
				PRODUCT_NAME = "$(TARGET_NAME)";
				SWIFT_VERSION = 5.0;
				TARGETED_DEVICE_FAMILY = "1,2";
			};
			name = Release;
		};
		6CCA856C25F5F3E200A2866C /* Debug */ = {
			isa = XCBuildConfiguration;
			buildSettings = {
				ALWAYS_EMBED_SWIFT_STANDARD_LIBRARIES = YES;
				BUNDLE_LOADER = "$(TEST_HOST)";
				CODE_SIGN_STYLE = Automatic;
				DEVELOPMENT_TEAM = 6522S3ANC7;
				INFOPLIST_FILE = IGClientTests/Info.plist;
				IPHONEOS_DEPLOYMENT_TARGET = 14.4;
				LD_RUNPATH_SEARCH_PATHS = (
					"$(inherited)",
					"@executable_path/Frameworks",
					"@loader_path/Frameworks",
				);
				PRODUCT_BUNDLE_IDENTIFIER = codepath.IGClientTests;
				PRODUCT_NAME = "$(TARGET_NAME)";
				SWIFT_VERSION = 5.0;
				TARGETED_DEVICE_FAMILY = "1,2";
				TEST_HOST = "$(BUILT_PRODUCTS_DIR)/IGClient.app/IGClient";
			};
			name = Debug;
		};
		6CCA856D25F5F3E200A2866C /* Release */ = {
			isa = XCBuildConfiguration;
			buildSettings = {
				ALWAYS_EMBED_SWIFT_STANDARD_LIBRARIES = YES;
				BUNDLE_LOADER = "$(TEST_HOST)";
				CODE_SIGN_STYLE = Automatic;
				DEVELOPMENT_TEAM = 6522S3ANC7;
				INFOPLIST_FILE = IGClientTests/Info.plist;
				IPHONEOS_DEPLOYMENT_TARGET = 14.4;
				LD_RUNPATH_SEARCH_PATHS = (
					"$(inherited)",
					"@executable_path/Frameworks",
					"@loader_path/Frameworks",
				);
				PRODUCT_BUNDLE_IDENTIFIER = codepath.IGClientTests;
				PRODUCT_NAME = "$(TARGET_NAME)";
				SWIFT_VERSION = 5.0;
				TARGETED_DEVICE_FAMILY = "1,2";
				TEST_HOST = "$(BUILT_PRODUCTS_DIR)/IGClient.app/IGClient";
			};
			name = Release;
		};
		6CCA856F25F5F3E200A2866C /* Debug */ = {
			isa = XCBuildConfiguration;
			buildSettings = {
				ALWAYS_EMBED_SWIFT_STANDARD_LIBRARIES = YES;
				CODE_SIGN_STYLE = Automatic;
				DEVELOPMENT_TEAM = 6522S3ANC7;
				INFOPLIST_FILE = IGClientUITests/Info.plist;
				LD_RUNPATH_SEARCH_PATHS = (
					"$(inherited)",
					"@executable_path/Frameworks",
					"@loader_path/Frameworks",
				);
				PRODUCT_BUNDLE_IDENTIFIER = codepath.IGClientUITests;
				PRODUCT_NAME = "$(TARGET_NAME)";
				SWIFT_VERSION = 5.0;
				TARGETED_DEVICE_FAMILY = "1,2";
				TEST_TARGET_NAME = IGClient;
			};
			name = Debug;
		};
		6CCA857025F5F3E200A2866C /* Release */ = {
			isa = XCBuildConfiguration;
			buildSettings = {
				ALWAYS_EMBED_SWIFT_STANDARD_LIBRARIES = YES;
				CODE_SIGN_STYLE = Automatic;
				DEVELOPMENT_TEAM = 6522S3ANC7;
				INFOPLIST_FILE = IGClientUITests/Info.plist;
				LD_RUNPATH_SEARCH_PATHS = (
					"$(inherited)",
					"@executable_path/Frameworks",
					"@loader_path/Frameworks",
				);
				PRODUCT_BUNDLE_IDENTIFIER = codepath.IGClientUITests;
				PRODUCT_NAME = "$(TARGET_NAME)";
				SWIFT_VERSION = 5.0;
				TARGETED_DEVICE_FAMILY = "1,2";
				TEST_TARGET_NAME = IGClient;
			};
			name = Release;
		};
/* End XCBuildConfiguration section */

/* Begin XCConfigurationList section */
		6CCA853925F5F3E000A2866C /* Build configuration list for PBXProject "IGClient" */ = {
			isa = XCConfigurationList;
			buildConfigurations = (
				6CCA856625F5F3E200A2866C /* Debug */,
				6CCA856725F5F3E200A2866C /* Release */,
			);
			defaultConfigurationIsVisible = 0;
			defaultConfigurationName = Release;
		};
		6CCA856825F5F3E200A2866C /* Build configuration list for PBXNativeTarget "IGClient" */ = {
			isa = XCConfigurationList;
			buildConfigurations = (
				6CCA856925F5F3E200A2866C /* Debug */,
				6CCA856A25F5F3E200A2866C /* Release */,
			);
			defaultConfigurationIsVisible = 0;
			defaultConfigurationName = Release;
		};
		6CCA856B25F5F3E200A2866C /* Build configuration list for PBXNativeTarget "IGClientTests" */ = {
			isa = XCConfigurationList;
			buildConfigurations = (
				6CCA856C25F5F3E200A2866C /* Debug */,
				6CCA856D25F5F3E200A2866C /* Release */,
			);
			defaultConfigurationIsVisible = 0;
			defaultConfigurationName = Release;
		};
		6CCA856E25F5F3E200A2866C /* Build configuration list for PBXNativeTarget "IGClientUITests" */ = {
			isa = XCConfigurationList;
			buildConfigurations = (
				6CCA856F25F5F3E200A2866C /* Debug */,
				6CCA857025F5F3E200A2866C /* Release */,
			);
			defaultConfigurationIsVisible = 0;
			defaultConfigurationName = Release;
		};
/* End XCConfigurationList section */
	};
	rootObject = 6CCA853625F5F3E000A2866C /* Project object */;
}
